
Microsoft Visual Studio Solution File, Format Version 12.00
# Visual Studio Version 16
VisualStudioVersion = 16.0.31129.286
MinimumVisualStudioVersion = 10.0.40219.1
Project("{9A19103F-16F7-4668-BE54-9A1E7A4F7556}") = "Battleship", "Battleship\Battleship.csproj", "{8E4131FB-C811-4049-9655-3D7BCCF33E42}"
EndProject
Project("{FAE04EC0-301F-11D3-BF4B-00C04F79EFBC}") = "Battleship.Tests", "Battleship.Tests\Battleship.Tests.csproj", "{096279E7-8E34-48A2-A0AA-9ED978882BBC}"
EndProject
Global
	GlobalSection(SolutionConfigurationPlatforms) = preSolution
		Debug|Any CPU = Debug|Any CPU
		Release|Any CPU = Release|Any CPU
	EndGlobalSection
	GlobalSection(ProjectConfigurationPlatforms) = postSolution
		{8E4131FB-C811-4049-9655-3D7BCCF33E42}.Debug|Any CPU.ActiveCfg = Debug|Any CPU
		{8E4131FB-C811-4049-9655-3D7BCCF33E42}.Debug|Any CPU.Build.0 = Debug|Any CPU
		{8E4131FB-C811-4049-9655-3D7BCCF33E42}.Release|Any CPU.ActiveCfg = Release|Any CPU
		{8E4131FB-C811-4049-9655-3D7BCCF33E42}.Release|Any CPU.Build.0 = Release|Any CPU
		{096279E7-8E34-48A2-A0AA-9ED978882BBC}.Debug|Any CPU.ActiveCfg = Debug|Any CPU
		{096279E7-8E34-48A2-A0AA-9ED978882BBC}.Debug|Any CPU.Build.0 = Debug|Any CPU
		{096279E7-8E34-48A2-A0AA-9ED978882BBC}.Release|Any CPU.ActiveCfg = Release|Any CPU
		{096279E7-8E34-48A2-A0AA-9ED978882BBC}.Release|Any CPU.Build.0 = Release|Any CPU
	EndGlobalSection
	GlobalSection(SolutionProperties) = preSolution
		HideSolutionNode = FALSE
	EndGlobalSection
	GlobalSection(ExtensibilityGlobals) = postSolution
		SolutionGuid = {ED281D0E-D1BA-4835-A94E-C7D1D232E150}
	EndGlobalSection
EndGlobal
